
Microsoft Visual Studio Solution File, Format Version 12.00
# Visual Studio 15
VisualStudioVersion = 15.0.28307.421
MinimumVisualStudioVersion = 10.0.40219.1
Project("{FAE04EC0-301F-11D3-BF4B-00C04F79EFBC}") = "WeatherStation.Web", "WeatherStation.Web\WeatherStation.Web.csproj", "{689AB49A-5C4F-404D-B267-35505DA60854}"
EndProject
Project("{FAE04EC0-301F-11D3-BF4B-00C04F79EFBC}") = "WeatherStation.Model", "WeatherStation.Model\WeatherStation.Model.csproj", "{6114368E-3925-4D5D-A7B3-5B5C64413A2C}"
EndProject
Project("{FAE04EC0-301F-11D3-BF4B-00C04F79EFBC}") = "WeatherStation.Device", "WeatherStation.Device\WeatherStation.Device.csproj", "{D5CFDAF8-5723-41D9-A2FE-61D44EA4465F}"
EndProject
Global
	GlobalSection(SolutionConfigurationPlatforms) = preSolution
		Debug|Any CPU = Debug|Any CPU
		Release|Any CPU = Release|Any CPU
	EndGlobalSection
	GlobalSection(ProjectConfigurationPlatforms) = postSolution
		{689AB49A-5C4F-404D-B267-35505DA60854}.Debug|Any CPU.ActiveCfg = Debug|Any CPU
		{689AB49A-5C4F-404D-B267-35505DA60854}.Debug|Any CPU.Build.0 = Debug|Any CPU
		{689AB49A-5C4F-404D-B267-35505DA60854}.Release|Any CPU.ActiveCfg = Release|Any CPU
		{689AB49A-5C4F-404D-B267-35505DA60854}.Release|Any CPU.Build.0 = Release|Any CPU
		{6114368E-3925-4D5D-A7B3-5B5C64413A2C}.Debug|Any CPU.ActiveCfg = Debug|Any CPU
		{6114368E-3925-4D5D-A7B3-5B5C64413A2C}.Debug|Any CPU.Build.0 = Debug|Any CPU
		{6114368E-3925-4D5D-A7B3-5B5C64413A2C}.Release|Any CPU.ActiveCfg = Release|Any CPU
		{6114368E-3925-4D5D-A7B3-5B5C64413A2C}.Release|Any CPU.Build.0 = Release|Any CPU
		{D5CFDAF8-5723-41D9-A2FE-61D44EA4465F}.Debug|Any CPU.ActiveCfg = Debug|Any CPU
		{D5CFDAF8-5723-41D9-A2FE-61D44EA4465F}.Debug|Any CPU.Build.0 = Debug|Any CPU
		{D5CFDAF8-5723-41D9-A2FE-61D44EA4465F}.Release|Any CPU.ActiveCfg = Release|Any CPU
		{D5CFDAF8-5723-41D9-A2FE-61D44EA4465F}.Release|Any CPU.Build.0 = Release|Any CPU
	EndGlobalSection
	GlobalSection(SolutionProperties) = preSolution
		HideSolutionNode = FALSE
	EndGlobalSection
	GlobalSection(ExtensibilityGlobals) = postSolution
		SolutionGuid = {010D429B-9A65-41E2-B0B7-A43E124C7D02}
	EndGlobalSection
EndGlobal
